
Microsoft Visual Studio Solution File, Format Version 12.00
# Visual Studio Version 16
VisualStudioVersion = 16.0.29306.81
MinimumVisualStudioVersion = 10.0.40219.1
Project("{FAE04EC0-301F-11D3-BF4B-00C04F79EFBC}") = "ProjectFile", "ProjectFile\ProjectFile.csproj", "{2D9EAB6A-4C79-465E-8391-A2F1462F6299}"
EndProject
Global
	GlobalSection(SolutionConfigurationPlatforms) = preSolution
		Debug|Any CPU = Debug|Any CPU
		Release|Any CPU = Release|Any CPU
	EndGlobalSection
	GlobalSection(ProjectConfigurationPlatforms) = postSolution
		{2D9EAB6A-4C79-465E-8391-A2F1462F6299}.Debug|Any CPU.ActiveCfg = Debug|Any CPU
		{2D9EAB6A-4C79-465E-8391-A2F1462F6299}.Debug|Any CPU.Build.0 = Debug|Any CPU
		{2D9EAB6A-4C79-465E-8391-A2F1462F6299}.Release|Any CPU.ActiveCfg = Release|Any CPU
		{2D9EAB6A-4C79-465E-8391-A2F1462F6299}.Release|Any CPU.Build.0 = Release|Any CPU
	EndGlobalSection
	GlobalSection(SolutionProperties) = preSolution
		HideSolutionNode = FALSE
	EndGlobalSection
	GlobalSection(ExtensibilityGlobals) = postSolution
		SolutionGuid = {FDB3487D-A48A-4D58-9778-88CE7BC54B26}
	EndGlobalSection
EndGlobal
